
Microsoft Visual Studio Solution File, Format Version 12.00
# Visual Studio Version 17
VisualStudioVersion = 17.7.34202.233
MinimumVisualStudioVersion = 10.0.40219.1
Project("{9A19103F-16F7-4668-BE54-9A1E7A4F7556}") = "ProjectDemo", "ProjectDemo\ProjectDemo.csproj", "{9AFBF450-D7A1-4402-9639-ECB4A8C9E80E}"
EndProject
Project("{FAE04EC0-301F-11D3-BF4B-00C04F79EFBC}") = "ProjectDemo.Test", "ProjectDemo.Test\ProjectDemo.Test.csproj", "{3BC67F98-46B5-4AA6-80B4-81CC4B561B7C}"
EndProject
Global
	GlobalSection(SolutionConfigurationPlatforms) = preSolution
		Debug|Any CPU = Debug|Any CPU
		Release|Any CPU = Release|Any CPU
	EndGlobalSection
	GlobalSection(ProjectConfigurationPlatforms) = postSolution
		{9AFBF450-D7A1-4402-9639-ECB4A8C9E80E}.Debug|Any CPU.ActiveCfg = Debug|Any CPU
		{9AFBF450-D7A1-4402-9639-ECB4A8C9E80E}.Debug|Any CPU.Build.0 = Debug|Any CPU
		{9AFBF450-D7A1-4402-9639-ECB4A8C9E80E}.Release|Any CPU.ActiveCfg = Release|Any CPU
		{9AFBF450-D7A1-4402-9639-ECB4A8C9E80E}.Release|Any CPU.Build.0 = Release|Any CPU
		{3BC67F98-46B5-4AA6-80B4-81CC4B561B7C}.Debug|Any CPU.ActiveCfg = Debug|Any CPU
		{3BC67F98-46B5-4AA6-80B4-81CC4B561B7C}.Debug|Any CPU.Build.0 = Debug|Any CPU
		{3BC67F98-46B5-4AA6-80B4-81CC4B561B7C}.Release|Any CPU.ActiveCfg = Release|Any CPU
		{3BC67F98-46B5-4AA6-80B4-81CC4B561B7C}.Release|Any CPU.Build.0 = Release|Any CPU
	EndGlobalSection
	GlobalSection(SolutionProperties) = preSolution
		HideSolutionNode = FALSE
	EndGlobalSection
	GlobalSection(ExtensibilityGlobals) = postSolution
		SolutionGuid = {C5698A17-FBA9-4289-976E-BE5E55AD8F18}
	EndGlobalSection
EndGlobal
